
Microsoft Visual Studio Solution File, Format Version 12.00
# Visual Studio Version 16
VisualStudioVersion = 16.0.30804.86
MinimumVisualStudioVersion = 10.0.40219.1
Project("{2150E333-8FDC-42A3-9474-1A3956D46DE8}") = "Solution Items", "Solution Items", "{AB88E85C-8DC6-4753-A5C4-185BA6A8B1AC}"
	ProjectSection(SolutionItems) = preProject
		SolutionStructures\aspSolution.md = SolutionStructures\aspSolution.md
		VisualStudioTrainingDocumenation\classDocumentation.md = VisualStudioTrainingDocumenation\classDocumentation.md
		VisualStudioTrainingDocumenation\CodeSnippets.docx = VisualStudioTrainingDocumenation\CodeSnippets.docx
		GitMarkdownBasics.md = GitMarkdownBasics.md
		KeyboardShortcuts.md = KeyboardShortcuts.md
		readme.md = readme.md
	EndProjectSection
EndProject
Project("{2150E333-8FDC-42A3-9474-1A3956D46DE8}") = "Class projects", "Class projects", "{DC28733B-529E-4B0F-BB50-E6884D17BE11}"
EndProject
Project("{2150E333-8FDC-42A3-9474-1A3956D46DE8}") = "Console projects", "Console projects", "{6BE65DE4-8D68-468F-907A-7DF247D9801C}"
EndProject
Project("{9A19103F-16F7-4668-BE54-9A1E7A4F7556}") = "ContainerLibrary", "ContainerLibrary\ContainerLibrary.csproj", "{1A5D8A79-C4D9-4907-B158-07D1F6CC7624}"
EndProject
Project("{9A19103F-16F7-4668-BE54-9A1E7A4F7556}") = "IfStatementsConsoleApp", "IfStatementsConsoleApp\IfStatementsConsoleApp.csproj", "{92EDD575-A496-481B-9DA6-466069514843}"
EndProject
Project("{9A19103F-16F7-4668-BE54-9A1E7A4F7556}") = "Learn_01_Week_2", "Learn_01\Learn_01_Week_2.csproj", "{83CDA10F-3B0B-460D-86CA-40807F07C9E0}"
EndProject
Project("{9A19103F-16F7-4668-BE54-9A1E7A4F7556}") = "PlayGroundConsoleNetCoreApp", "PlayGroundConsoleNetCoreApp\PlayGroundConsoleNetCoreApp.csproj", "{8B1A88CA-4123-4BCA-B953-95C4DEA635D3}"
EndProject
Project("{9A19103F-16F7-4668-BE54-9A1E7A4F7556}") = "ActiveDirectoryDemo", "ActiveDirectoryDemo\ActiveDirectoryDemo.csproj", "{E4107839-09DB-4879-A6BC-C6D37151EB05}"
EndProject
Project("{9A19103F-16F7-4668-BE54-9A1E7A4F7556}") = "FileLibraryCore", "FileLibraryCore\FileLibraryCore.csproj", "{AD9AD6BE-A76C-481C-A11F-A7F45029FE24}"
EndProject
Global
	GlobalSection(SolutionConfigurationPlatforms) = preSolution
		Debug|Any CPU = Debug|Any CPU
		Release|Any CPU = Release|Any CPU
	EndGlobalSection
	GlobalSection(ProjectConfigurationPlatforms) = postSolution
		{1A5D8A79-C4D9-4907-B158-07D1F6CC7624}.Debug|Any CPU.ActiveCfg = Debug|Any CPU
		{1A5D8A79-C4D9-4907-B158-07D1F6CC7624}.Debug|Any CPU.Build.0 = Debug|Any CPU
		{1A5D8A79-C4D9-4907-B158-07D1F6CC7624}.Release|Any CPU.ActiveCfg = Release|Any CPU
		{1A5D8A79-C4D9-4907-B158-07D1F6CC7624}.Release|Any CPU.Build.0 = Release|Any CPU
		{92EDD575-A496-481B-9DA6-466069514843}.Debug|Any CPU.ActiveCfg = Debug|Any CPU
		{92EDD575-A496-481B-9DA6-466069514843}.Debug|Any CPU.Build.0 = Debug|Any CPU
		{92EDD575-A496-481B-9DA6-466069514843}.Release|Any CPU.ActiveCfg = Release|Any CPU
		{92EDD575-A496-481B-9DA6-466069514843}.Release|Any CPU.Build.0 = Release|Any CPU
		{83CDA10F-3B0B-460D-86CA-40807F07C9E0}.Debug|Any CPU.ActiveCfg = Debug|Any CPU
		{83CDA10F-3B0B-460D-86CA-40807F07C9E0}.Debug|Any CPU.Build.0 = Debug|Any CPU
		{83CDA10F-3B0B-460D-86CA-40807F07C9E0}.Release|Any CPU.ActiveCfg = Release|Any CPU
		{83CDA10F-3B0B-460D-86CA-40807F07C9E0}.Release|Any CPU.Build.0 = Release|Any CPU
		{8B1A88CA-4123-4BCA-B953-95C4DEA635D3}.Debug|Any CPU.ActiveCfg = Debug|Any CPU
		{8B1A88CA-4123-4BCA-B953-95C4DEA635D3}.Debug|Any CPU.Build.0 = Debug|Any CPU
		{8B1A88CA-4123-4BCA-B953-95C4DEA635D3}.Release|Any CPU.ActiveCfg = Release|Any CPU
		{8B1A88CA-4123-4BCA-B953-95C4DEA635D3}.Release|Any CPU.Build.0 = Release|Any CPU
		{E4107839-09DB-4879-A6BC-C6D37151EB05}.Debug|Any CPU.ActiveCfg = Debug|Any CPU
		{E4107839-09DB-4879-A6BC-C6D37151EB05}.Debug|Any CPU.Build.0 = Debug|Any CPU
		{E4107839-09DB-4879-A6BC-C6D37151EB05}.Release|Any CPU.ActiveCfg = Release|Any CPU
		{E4107839-09DB-4879-A6BC-C6D37151EB05}.Release|Any CPU.Build.0 = Release|Any CPU
		{AD9AD6BE-A76C-481C-A11F-A7F45029FE24}.Debug|Any CPU.ActiveCfg = Debug|Any CPU
		{AD9AD6BE-A76C-481C-A11F-A7F45029FE24}.Debug|Any CPU.Build.0 = Debug|Any CPU
		{AD9AD6BE-A76C-481C-A11F-A7F45029FE24}.Release|Any CPU.ActiveCfg = Release|Any CPU
		{AD9AD6BE-A76C-481C-A11F-A7F45029FE24}.Release|Any CPU.Build.0 = Release|Any CPU
	EndGlobalSection
	GlobalSection(SolutionProperties) = preSolution
		HideSolutionNode = FALSE
	EndGlobalSection
	GlobalSection(NestedProjects) = preSolution
		{1A5D8A79-C4D9-4907-B158-07D1F6CC7624} = {DC28733B-529E-4B0F-BB50-E6884D17BE11}
		{92EDD575-A496-481B-9DA6-466069514843} = {6BE65DE4-8D68-468F-907A-7DF247D9801C}
		{8B1A88CA-4123-4BCA-B953-95C4DEA635D3} = {6BE65DE4-8D68-468F-907A-7DF247D9801C}
		{E4107839-09DB-4879-A6BC-C6D37151EB05} = {6BE65DE4-8D68-468F-907A-7DF247D9801C}
		{AD9AD6BE-A76C-481C-A11F-A7F45029FE24} = {DC28733B-529E-4B0F-BB50-E6884D17BE11}
	EndGlobalSection
	GlobalSection(ExtensibilityGlobals) = postSolution
		SolutionGuid = {2AF739E3-B531-4CFE-93A5-4FF02F015272}
	EndGlobalSection
EndGlobal
